
Microsoft Visual Studio Solution File, Format Version 12.00
# Visual Studio Version 16
VisualStudioVersion = 16.0.30711.63
MinimumVisualStudioVersion = 10.0.40219.1
Project("{FAE04EC0-301F-11D3-BF4B-00C04F79EFBC}") = "GradeBook", "GradeBook.csproj", "{F7BB4526-A5D3-486C-812B-DD855A673E09}"
EndProject
Global
	GlobalSection(SolutionConfigurationPlatforms) = preSolution
		Debug|Any CPU = Debug|Any CPU
		Release|Any CPU = Release|Any CPU
	EndGlobalSection
	GlobalSection(ProjectConfigurationPlatforms) = postSolution
		{F7BB4526-A5D3-486C-812B-DD855A673E09}.Debug|Any CPU.ActiveCfg = Debug|Any CPU
		{F7BB4526-A5D3-486C-812B-DD855A673E09}.Debug|Any CPU.Build.0 = Debug|Any CPU
		{F7BB4526-A5D3-486C-812B-DD855A673E09}.Release|Any CPU.ActiveCfg = Release|Any CPU
		{F7BB4526-A5D3-486C-812B-DD855A673E09}.Release|Any CPU.Build.0 = Release|Any CPU
	EndGlobalSection
	GlobalSection(SolutionProperties) = preSolution
		HideSolutionNode = FALSE
	EndGlobalSection
	GlobalSection(ExtensibilityGlobals) = postSolution
		SolutionGuid = {CAA55D17-F725-4555-9A57-326C61F1C045}
	EndGlobalSection
EndGlobal
